
Microsoft Visual Studio Solution File, Format Version 11.00
# Visual Studio 2010
Project("{FAE04EC0-301F-11D3-BF4B-00C04F79EFBC}") = "reverse String", "reverse String\reverse String.csproj", "{697B3A5B-C77D-458F-839E-215E8FD67D8D}"
EndProject
Global
	GlobalSection(SolutionConfigurationPlatforms) = preSolution
		Debug|x86 = Debug|x86
		Release|x86 = Release|x86
	EndGlobalSection
	GlobalSection(ProjectConfigurationPlatforms) = postSolution
		{697B3A5B-C77D-458F-839E-215E8FD67D8D}.Debug|x86.ActiveCfg = Debug|x86
		{697B3A5B-C77D-458F-839E-215E8FD67D8D}.Debug|x86.Build.0 = Debug|x86
		{697B3A5B-C77D-458F-839E-215E8FD67D8D}.Release|x86.ActiveCfg = Release|x86
		{697B3A5B-C77D-458F-839E-215E8FD67D8D}.Release|x86.Build.0 = Release|x86
	EndGlobalSection
	GlobalSection(SolutionProperties) = preSolution
		HideSolutionNode = FALSE
	EndGlobalSection
EndGlobal
